// !$*UTF8*$!
{
	archiveVersion = 1;
	classes = {
	};
	objectVersion = 46;
	objects = {

/* Begin PBXBuildFile section */
		F696E4E71BC0354E0072A318 /* main.m in Sources */ = {isa = PBXBuildFile; fileRef = F696E4E61BC0354E0072A318 /* main.m */; };
		F696E4EA1BC0354E0072A318 /* AppDelegate.m in Sources */ = {isa = PBXBuildFile; fileRef = F696E4E91BC0354E0072A318 /* AppDelegate.m */; };
		F696E4ED1BC0354E0072A318 /* ViewController.m in Sources */ = {isa = PBXBuildFile; fileRef = F696E4EC1BC0354E0072A318 /* ViewController.m */; };
		F696E4F01BC0354E0072A318 /* Main.storyboard in Resources */ = {isa = PBXBuildFile; fileRef = F696E4EE1BC0354E0072A318 /* Main.storyboard */; };
		F696E4F31BC0354E0072A318 /* sandbox.xcdatamodeld in Sources */ = {isa = PBXBuildFile; fileRef = F696E4F11BC0354E0072A318 /* sandbox.xcdatamodeld */; };
		F696E4F51BC0354E0072A318 /* Assets.xcassets in Resources */ = {isa = PBXBuildFile; fileRef = F696E4F41BC0354E0072A318 /* Assets.xcassets */; };
		F696E4F81BC0354E0072A318 /* LaunchScreen.storyboard in Resources */ = {isa = PBXBuildFile; fileRef = F696E4F61BC0354E0072A318 /* LaunchScreen.storyboard */; };
/* End PBXBuildFile section */

/* Begin PBXFileReference section */
		F696E4E21BC0354E0072A318 /* sandbox.app */ = {isa = PBXFileReference; explicitFileType = wrapper.application; includeInIndex = 0; path = sandbox.app; sourceTree = BUILT_PRODUCTS_DIR; };
		F696E4E61BC0354E0072A318 /* main.m */ = {isa = PBXFileReference; lastKnownFileType = sourcecode.c.objc; path = main.m; sourceTree = "<group>"; };
		F696E4E81BC0354E0072A318 /* AppDelegate.h */ = {isa = PBXFileReference; lastKnownFileType = sourcecode.c.h; path = AppDelegate.h; sourceTree = "<group>"; };
		F696E4E91BC0354E0072A318 /* AppDelegate.m */ = {isa = PBXFileReference; lastKnownFileType = sourcecode.c.objc; path = AppDelegate.m; sourceTree = "<group>"; };
		F696E4EB1BC0354E0072A318 /* ViewController.h */ = {isa = PBXFileReference; lastKnownFileType = sourcecode.c.h; path = ViewController.h; sourceTree = "<group>"; };
		F696E4EC1BC0354E0072A318 /* ViewController.m */ = {isa = PBXFileReference; lastKnownFileType = sourcecode.c.objc; path = ViewController.m; sourceTree = "<group>"; };
		F696E4EF1BC0354E0072A318 /* Base */ = {isa = PBXFileReference; lastKnownFileType = file.storyboard; name = Base; path = Base.lproj/Main.storyboard; sourceTree = "<group>"; };
		F696E4F21BC0354E0072A318 /* sandbox.xcdatamodel */ = {isa = PBXFileReference; lastKnownFileType = wrapper.xcdatamodel; path = sandbox.xcdatamodel; sourceTree = "<group>"; };
		F696E4F41BC0354E0072A318 /* Assets.xcassets */ = {isa = PBXFileReference; lastKnownFileType = folder.assetcatalog; path = Assets.xcassets; sourceTree = "<group>"; };
		F696E4F71BC0354E0072A318 /* Base */ = {isa = PBXFileReference; lastKnownFileType = file.storyboard; name = Base; path = Base.lproj/LaunchScreen.storyboard; sourceTree = "<group>"; };
		F696E4F91BC0354E0072A318 /* Info.plist */ = {isa = PBXFileReference; lastKnownFileType = text.plist.xml; path = Info.plist; sourceTree = "<group>"; };
/* End PBXFileReference section */

/* Begin PBXFrameworksBuildPhase section */
		F696E4DF1BC0354E0072A318 /* Frameworks */ = {
			isa = PBXFrameworksBuildPhase;
			buildActionMask = 2147483647;
			files = (
			);
			runOnlyForDeploymentPostprocessing = 0;
		};
/* End PBXFrameworksBuildPhase section */

/* Begin PBXGroup section */
		F696E4D91BC0354E0072A318 = {
			isa = PBXGroup;
			children = (
				F696E4E41BC0354E0072A318 /* sandbox */,
				F696E4E31BC0354E0072A318 /* Products */,
			);
			sourceTree = "<group>";
		};
		F696E4E31BC0354E0072A318 /* Products */ = {
			isa = PBXGroup;
			children = (
				F696E4E21BC0354E0072A318 /* sandbox.app */,
			);
			name = Products;
			sourceTree = "<group>";
		};
		F696E4E41BC0354E0072A318 /* sandbox */ = {
			isa = PBXGroup;
			children = (
				F696E4E81BC0354E0072A318 /* AppDelegate.h */,
				F696E4E91BC0354E0072A318 /* AppDelegate.m */,
				F696E4EB1BC0354E0072A318 /* ViewController.h */,
				F696E4EC1BC0354E0072A318 /* ViewController.m */,
				F696E4EE1BC0354E0072A318 /* Main.storyboard */,
				F696E4F41BC0354E0072A318 /* Assets.xcassets */,
				F696E4F61BC0354E0072A318 /* LaunchScreen.storyboard */,
				F696E4F91BC0354E0072A318 /* Info.plist */,
				F696E4F11BC0354E0072A318 /* sandbox.xcdatamodeld */,
				F696E4E51BC0354E0072A318 /* Supporting Files */,
			);
			path = sandbox;
			sourceTree = "<group>";
		};
		F696E4E51BC0354E0072A318 /* Supporting Files */ = {
			isa = PBXGroup;
			children = (
				F696E4E61BC0354E0072A318 /* main.m */,
			);
			name = "Supporting Files";
			sourceTree = "<group>";
		};
/* End PBXGroup section */

/* Begin PBXNativeTarget section */
		F696E4E11BC0354E0072A318 /* sandbox */ = {
			isa = PBXNativeTarget;
			buildConfigurationList = F696E4FC1BC0354E0072A318 /* Build configuration list for PBXNativeTarget "sandbox" */;
			buildPhases = (
				F696E4DE1BC0354E0072A318 /* Sources */,
				F696E4DF1BC0354E0072A318 /* Frameworks */,
				F696E4E01BC0354E0072A318 /* Resources */,
			);
			buildRules = (
			);
			dependencies = (
			);
			name = sandbox;
			productName = sandbox;
			productReference = F696E4E21BC0354E0072A318 /* sandbox.app */;
			productType = "com.apple.product-type.application";
		};
/* End PBXNativeTarget section */

/* Begin PBXProject section */
		F696E4DA1BC0354E0072A318 /* Project object */ = {
			isa = PBXProject;
			attributes = {
				LastUpgradeCheck = 0700;
				ORGANIZATIONNAME = brettville;
				TargetAttributes = {
					F696E4E11BC0354E0072A318 = {
						CreatedOnToolsVersion = 7.0.1;
					};
				};
			};
			buildConfigurationList = F696E4DD1BC0354E0072A318 /* Build configuration list for PBXProject "sandbox" */;
			compatibilityVersion = "Xcode 3.2";
			developmentRegion = English;
			hasScannedForEncodings = 0;
			knownRegions = (
				en,
				Base,
			);
			mainGroup = F696E4D91BC0354E0072A318;
			productRefGroup = F696E4E31BC0354E0072A318 /* Products */;
			projectDirPath = "";
			projectRoot = "";
			targets = (
				F696E4E11BC0354E0072A318 /* sandbox */,
			);
		};
/* End PBXProject section */

/* Begin PBXResourcesBuildPhase section */
		F696E4E01BC0354E0072A318 /* Resources */ = {
			isa = PBXResourcesBuildPhase;
			buildActionMask = 2147483647;
			files = (
				F696E4F81BC0354E0072A318 /* LaunchScreen.storyboard in Resources */,
				F696E4F51BC0354E0072A318 /* Assets.xcassets in Resources */,
				F696E4F01BC0354E0072A318 /* Main.storyboard in Resources */,
			);
			runOnlyForDeploymentPostprocessing = 0;
		};
/* End PBXResourcesBuildPhase section */

/* Begin PBXSourcesBuildPhase section */
		F696E4DE1BC0354E0072A318 /* Sources */ = {
			isa = PBXSourcesBuildPhase;
			buildActionMask = 2147483647;
			files = (
				F696E4ED1BC0354E0072A318 /* ViewController.m in Sources */,
				F696E4EA1BC0354E0072A318 /* AppDelegate.m in Sources */,
				F696E4E71BC0354E0072A318 /* main.m in Sources */,
				F696E4F31BC0354E0072A318 /* sandbox.xcdatamodeld in Sources */,
			);
			runOnlyForDeploymentPostprocessing = 0;
		};
/* End PBXSourcesBuildPhase section */

/* Begin PBXVariantGroup section */
		F696E4EE1BC0354E0072A318 /* Main.storyboard */ = {
			isa = PBXVariantGroup;
			children = (
				F696E4EF1BC0354E0072A318 /* Base */,
			);
			name = Main.storyboard;
			sourceTree = "<group>";
		};
		F696E4F61BC0354E0072A318 /* LaunchScreen.storyboard */ = {
			isa = PBXVariantGroup;
			children = (
				F696E4F71BC0354E0072A318 /* Base */,
			);
			name = LaunchScreen.storyboard;
			sourceTree = "<group>";
		};
/* End PBXVariantGroup section */

/* Begin XCBuildConfiguration section */
		F696E4FA1BC0354E0072A318 /* Debug */ = {
			isa = XCBuildConfiguration;
			buildSettings = {
				ALWAYS_SEARCH_USER_PATHS = NO;
				CLANG_CXX_LANGUAGE_STANDARD = "gnu++0x";
				CLANG_CXX_LIBRARY = "libc++";
				CLANG_ENABLE_MODULES = YES;
				CLANG_ENABLE_OBJC_ARC = YES;
				CLANG_WARN_BOOL_CONVERSION = YES;
				CLANG_WARN_CONSTANT_CONVERSION = YES;
				CLANG_WARN_DIRECT_OBJC_ISA_USAGE = YES_ERROR;
				CLANG_WARN_EMPTY_BODY = YES;
				CLANG_WARN_ENUM_CONVERSION = YES;
				CLANG_WARN_INT_CONVERSION = YES;
				CLANG_WARN_OBJC_ROOT_CLASS = YES_ERROR;
				CLANG_WARN_UNREACHABLE_CODE = YES;
				CLANG_WARN__DUPLICATE_METHOD_MATCH = YES;
				"CODE_SIGN_IDENTITY[sdk=iphoneos*]" = "iPhone Developer";
				COPY_PHASE_STRIP = NO;
				DEBUG_INFORMATION_FORMAT = dwarf;
				ENABLE_STRICT_OBJC_MSGSEND = YES;
				ENABLE_TESTABILITY = YES;
				GCC_C_LANGUAGE_STANDARD = gnu99;
				GCC_DYNAMIC_NO_PIC = NO;
				GCC_NO_COMMON_BLOCKS = YES;
				GCC_OPTIMIZATION_LEVEL = 0;
				GCC_PREPROCESSOR_DEFINITIONS = (
					"DEBUG=1",
					"$(inherited)",
				);
				GCC_WARN_64_TO_32_BIT_CONVERSION = YES;
				GCC_WARN_ABOUT_RETURN_TYPE = YES_ERROR;
				GCC_WARN_UNDECLARED_SELECTOR = YES;
				GCC_WARN_UNINITIALIZED_AUTOS = YES_AGGRESSIVE;
				GCC_WARN_UNUSED_FUNCTION = YES;
				GCC_WARN_UNUSED_VARIABLE = YES;
				IPHONEOS_DEPLOYMENT_TARGET = 9.0;
				MTL_ENABLE_DEBUG_INFO = YES;
				ONLY_ACTIVE_ARCH = YES;
				SDKROOT = iphoneos;
			};
			name = Debug;
		};
		F696E4FB1BC0354E0072A318 /* Release */ = {
			isa = XCBuildConfiguration;
			buildSettings = {
				ALWAYS_SEARCH_USER_PATHS = NO;
				CLANG_CXX_LANGUAGE_STANDARD = "gnu++0x";
				CLANG_CXX_LIBRARY = "libc++";
				CLANG_ENABLE_MODULES = YES;
				CLANG_ENABLE_OBJC_ARC = YES;
				CLANG_WARN_BOOL_CONVERSION = YES;
				CLANG_WARN_CONSTANT_CONVERSION = YES;
				CLANG_WARN_DIRECT_OBJC_ISA_USAGE = YES_ERROR;
				CLANG_WARN_EMPTY_BODY = YES;
				CLANG_WARN_ENUM_CONVERSION = YES;
				CLANG_WARN_INT_CONVERSION = YES;
				CLANG_WARN_OBJC_ROOT_CLASS = YES_ERROR;
				CLANG_WARN_UNREACHABLE_CODE = YES;
				CLANG_WARN__DUPLICATE_METHOD_MATCH = YES;
				"CODE_SIGN_IDENTITY[sdk=iphoneos*]" = "iPhone Developer";
				COPY_PHASE_STRIP = NO;
				DEBUG_INFORMATION_FORMAT = "dwarf-with-dsym";
				ENABLE_NS_ASSERTIONS = NO;
				ENABLE_STRICT_OBJC_MSGSEND = YES;
				GCC_C_LANGUAGE_STANDARD = gnu99;
				GCC_NO_COMMON_BLOCKS = YES;
				GCC_WARN_64_TO_32_BIT_CONVERSION = YES;
				GCC_WARN_ABOUT_RETURN_TYPE = YES_ERROR;
				GCC_WARN_UNDECLARED_SELECTOR = YES;
				GCC_WARN_UNINITIALIZED_AUTOS = YES_AGGRESSIVE;
				GCC_WARN_UNUSED_FUNCTION = YES;
				GCC_WARN_UNUSED_VARIABLE = YES;
				IPHONEOS_DEPLOYMENT_TARGET = 9.0;
				MTL_ENABLE_DEBUG_INFO = NO;
				SDKROOT = iphoneos;
				VALIDATE_PRODUCT = YES;
			};
			name = Release;
		};
		F696E4FD1BC0354E0072A318 /* Debug */ = {
			isa = XCBuildConfiguration;
			buildSettings = {
				ASSETCATALOG_COMPILER_APPICON_NAME = AppIcon;
				INFOPLIST_FILE = sandbox/Info.plist;
				LD_RUNPATH_SEARCH_PATHS = "$(inherited) @executable_path/Frameworks";
				PRODUCT_BUNDLE_IDENTIFIER = brettville.sandbox;
				PRODUCT_NAME = "$(TARGET_NAME)";
			};
			name = Debug;
		};
		F696E4FE1BC0354E0072A318 /* Release */ = {
			isa = XCBuildConfiguration;
			buildSettings = {
				ASSETCATALOG_COMPILER_APPICON_NAME = AppIcon;
				INFOPLIST_FILE = sandbox/Info.plist;
				LD_RUNPATH_SEARCH_PATHS = "$(inherited) @executable_path/Frameworks";
				PRODUCT_BUNDLE_IDENTIFIER = brettville.sandbox;
				PRODUCT_NAME = "$(TARGET_NAME)";
			};
			name = Release;
		};
/* End XCBuildConfiguration section */

/* Begin XCConfigurationList section */
		F696E4DD1BC0354E0072A318 /* Build configuration list for PBXProject "sandbox" */ = {
			isa = XCConfigurationList;
			buildConfigurations = (
				F696E4FA1BC0354E0072A318 /* Debug */,
				F696E4FB1BC0354E0072A318 /* Release */,
			);
			defaultConfigurationIsVisible = 0;
			defaultConfigurationName = Release;
		};
		F696E4FC1BC0354E0072A318 /* Build configuration list for PBXNativeTarget "sandbox" */ = {
			isa = XCConfigurationList;
			buildConfigurations = (
				F696E4FD1BC0354E0072A318 /* Debug */,
				F696E4FE1BC0354E0072A318 /* Release */,
			);
			defaultConfigurationIsVisible = 0;
			defaultConfigurationName = Release;
		};
/* End XCConfigurationList section */

/* Begin XCVersionGroup section */
		F696E4F11BC0354E0072A318 /* sandbox.xcdatamodeld */ = {
			isa = XCVersionGroup;
			children = (
				F696E4F21BC0354E0072A318 /* sandbox.xcdatamodel */,
			);
			currentVersion = F696E4F21BC0354E0072A318 /* sandbox.xcdatamodel */;
			path = sandbox.xcdatamodeld;
			sourceTree = "<group>";
			versionGroupType = wrapper.xcdatamodel;
		};
/* End XCVersionGroup section */
	};
	rootObject = F696E4DA1BC0354E0072A318 /* Project object */;
}
